
Microsoft Visual Studio Solution File, Format Version 12.00
# Visual Studio Version 17
VisualStudioVersion = 17.7.34003.232
MinimumVisualStudioVersion = 10.0.40219.1
Project("{FAE04EC0-301F-11D3-BF4B-00C04F79EFBC}") = "accorda.net", "accorda.net.csproj", "{FE84B1B8-31DF-40E3-9DE5-8C9851997A60}"
EndProject
Global
	GlobalSection(SolutionConfigurationPlatforms) = preSolution
		Debug|Any CPU = Debug|Any CPU
		Release|Any CPU = Release|Any CPU
	EndGlobalSection
	GlobalSection(ProjectConfigurationPlatforms) = postSolution
		{FE84B1B8-31DF-40E3-9DE5-8C9851997A60}.Debug|Any CPU.ActiveCfg = Debug|Any CPU
		{FE84B1B8-31DF-40E3-9DE5-8C9851997A60}.Debug|Any CPU.Build.0 = Debug|Any CPU
		{FE84B1B8-31DF-40E3-9DE5-8C9851997A60}.Release|Any CPU.ActiveCfg = Release|Any CPU
		{FE84B1B8-31DF-40E3-9DE5-8C9851997A60}.Release|Any CPU.Build.0 = Release|Any CPU
	EndGlobalSection
	GlobalSection(SolutionProperties) = preSolution
		HideSolutionNode = FALSE
	EndGlobalSection
	GlobalSection(ExtensibilityGlobals) = postSolution
		SolutionGuid = {19B33F71-AAE2-4EED-A669-252EA9846C83}
	EndGlobalSection
EndGlobal
