
Microsoft Visual Studio Solution File, Format Version 12.00
# Visual Studio Version 17
VisualStudioVersion = 17.7.34003.232
MinimumVisualStudioVersion = 10.0.40219.1
Project("{9A19103F-16F7-4668-BE54-9A1E7A4F7556}") = "Accorda", "Accorda.csproj", "{FE84B1B8-31DF-40E3-9DE5-8C9851997A60}"
EndProject
Project("{2150E333-8FDC-42A3-9474-1A3956D46DE8}") = "Elementi di soluzione", "Elementi di soluzione", "{AD311E08-2A83-4A6C-B93B-56AFFF1A93B3}"
	ProjectSection(SolutionItems) = preProject
		..\CONTRIBUTING.md = ..\CONTRIBUTING.md
		..\LICENSE = ..\LICENSE
		..\README.md = ..\README.md
	EndProjectSection
EndProject
Project("{54435603-DBB4-11D2-8724-00A0C9A8B90C}") = "Installer", "..\Installer\Installer.vdproj", "{103E8E55-229F-4BB9-9870-C3077A2301E8}"
EndProject
Global
	GlobalSection(SolutionConfigurationPlatforms) = preSolution
		Debug|Any CPU = Debug|Any CPU
		Debug|x86 = Debug|x86
		Release|Any CPU = Release|Any CPU
		Release|x86 = Release|x86
	EndGlobalSection
	GlobalSection(ProjectConfigurationPlatforms) = postSolution
		{FE84B1B8-31DF-40E3-9DE5-8C9851997A60}.Debug|Any CPU.ActiveCfg = Debug|Any CPU
		{FE84B1B8-31DF-40E3-9DE5-8C9851997A60}.Debug|Any CPU.Build.0 = Debug|Any CPU
		{FE84B1B8-31DF-40E3-9DE5-8C9851997A60}.Debug|x86.ActiveCfg = Debug|Any CPU
		{FE84B1B8-31DF-40E3-9DE5-8C9851997A60}.Debug|x86.Build.0 = Debug|Any CPU
		{FE84B1B8-31DF-40E3-9DE5-8C9851997A60}.Release|Any CPU.ActiveCfg = Release|Any CPU
		{FE84B1B8-31DF-40E3-9DE5-8C9851997A60}.Release|Any CPU.Build.0 = Release|Any CPU
		{FE84B1B8-31DF-40E3-9DE5-8C9851997A60}.Release|x86.ActiveCfg = Release|Any CPU
		{FE84B1B8-31DF-40E3-9DE5-8C9851997A60}.Release|x86.Build.0 = Release|Any CPU
		{103E8E55-229F-4BB9-9870-C3077A2301E8}.Debug|Any CPU.ActiveCfg = Debug
		{103E8E55-229F-4BB9-9870-C3077A2301E8}.Debug|x86.ActiveCfg = Debug
		{103E8E55-229F-4BB9-9870-C3077A2301E8}.Release|Any CPU.ActiveCfg = Release
		{103E8E55-229F-4BB9-9870-C3077A2301E8}.Release|x86.ActiveCfg = Release
	EndGlobalSection
	GlobalSection(SolutionProperties) = preSolution
		HideSolutionNode = FALSE
	EndGlobalSection
	GlobalSection(ExtensibilityGlobals) = postSolution
		SolutionGuid = {19B33F71-AAE2-4EED-A669-252EA9846C83}
	EndGlobalSection
EndGlobal
